
Microsoft Visual Studio Solution File, Format Version 12.00
Project("{2150E333-8FDC-42A3-9474-1A3956D46DE8}") = "src", "src", "{963E0D27-4010-492F-A43A-AB2FF93D3982}"
EndProject
Project("{2150E333-8FDC-42A3-9474-1A3956D46DE8}") = "test", "test", "{CE302689-B43A-4706-8848-C8B3F745520D}"
EndProject
Project("{2150E333-8FDC-42A3-9474-1A3956D46DE8}") = "API", "API", "{4CFB3125-9EE6-4BF5-BC87-9A60A7222F76}"
EndProject
Project("{2150E333-8FDC-42A3-9474-1A3956D46DE8}") = "Core", "Core", "{ABE51E35-983C-4D88-9047-F5188B24459E}"
EndProject
Project("{2150E333-8FDC-42A3-9474-1A3956D46DE8}") = "Infrastructure", "Infrastructure", "{59A04749-6C3D-473F-A410-A808C24A6651}"
EndProject
Project("{2150E333-8FDC-42A3-9474-1A3956D46DE8}") = "UI", "UI", "{88B83308-7162-41DB-89DC-7071722D5BC6}"
EndProject
Project("{FAE04EC0-301F-11D3-BF4B-00C04F79EFBC}") = "HR_Management.Domain", "HR_Management.Domain\HR_Management.Domain.csproj", "{66B0A845-FB36-42F2-8418-FC653FE8621C}"
EndProject
Project("{FAE04EC0-301F-11D3-BF4B-00C04F79EFBC}") = "HR_Management.Application", "HR_Management.Application\HR_Management.Application.csproj", "{5C109B23-E2E5-4F78-BF6A-0A22A8CB1F14}"
EndProject
Global
	GlobalSection(SolutionConfigurationPlatforms) = preSolution
		Debug|Any CPU = Debug|Any CPU
		Release|Any CPU = Release|Any CPU
	EndGlobalSection
	GlobalSection(NestedProjects) = preSolution
		{4CFB3125-9EE6-4BF5-BC87-9A60A7222F76} = {963E0D27-4010-492F-A43A-AB2FF93D3982}
		{ABE51E35-983C-4D88-9047-F5188B24459E} = {963E0D27-4010-492F-A43A-AB2FF93D3982}
		{59A04749-6C3D-473F-A410-A808C24A6651} = {963E0D27-4010-492F-A43A-AB2FF93D3982}
		{88B83308-7162-41DB-89DC-7071722D5BC6} = {963E0D27-4010-492F-A43A-AB2FF93D3982}
		{66B0A845-FB36-42F2-8418-FC653FE8621C} = {ABE51E35-983C-4D88-9047-F5188B24459E}
		{5C109B23-E2E5-4F78-BF6A-0A22A8CB1F14} = {ABE51E35-983C-4D88-9047-F5188B24459E}
	EndGlobalSection
	GlobalSection(ProjectConfigurationPlatforms) = postSolution
		{66B0A845-FB36-42F2-8418-FC653FE8621C}.Debug|Any CPU.ActiveCfg = Debug|Any CPU
		{66B0A845-FB36-42F2-8418-FC653FE8621C}.Debug|Any CPU.Build.0 = Debug|Any CPU
		{66B0A845-FB36-42F2-8418-FC653FE8621C}.Release|Any CPU.ActiveCfg = Release|Any CPU
		{66B0A845-FB36-42F2-8418-FC653FE8621C}.Release|Any CPU.Build.0 = Release|Any CPU
		{5C109B23-E2E5-4F78-BF6A-0A22A8CB1F14}.Debug|Any CPU.ActiveCfg = Debug|Any CPU
		{5C109B23-E2E5-4F78-BF6A-0A22A8CB1F14}.Debug|Any CPU.Build.0 = Debug|Any CPU
		{5C109B23-E2E5-4F78-BF6A-0A22A8CB1F14}.Release|Any CPU.ActiveCfg = Release|Any CPU
		{5C109B23-E2E5-4F78-BF6A-0A22A8CB1F14}.Release|Any CPU.Build.0 = Release|Any CPU
	EndGlobalSection
EndGlobal
