
Microsoft Visual Studio Solution File, Format Version 12.00
Project("{2150E333-8FDC-42A3-9474-1A3956D46DE8}") = "src", "src", "{40E97FDD-BB1C-4DD8-928E-60747EC59B2C}"
EndProject
Project("{2150E333-8FDC-42A3-9474-1A3956D46DE8}") = "test", "test", "{A802936D-1454-45DE-80D5-1F9CD6E686E4}"
EndProject
Project("{2150E333-8FDC-42A3-9474-1A3956D46DE8}") = "API", "API", "{76FA6941-DBDA-49A0-AC0C-A8B103F85487}"
EndProject
Project("{2150E333-8FDC-42A3-9474-1A3956D46DE8}") = "Core", "Core", "{5B338DB1-7120-4F75-8769-7B999F190656}"
EndProject
Project("{2150E333-8FDC-42A3-9474-1A3956D46DE8}") = "Infrastructure", "Infrastructure", "{D8A31AB7-7B6E-4D84-8750-4D0462735CDB}"
EndProject
Project("{2150E333-8FDC-42A3-9474-1A3956D46DE8}") = "UI", "UI", "{872803D0-2BDD-401B-B414-F1104B55F2FA}"
EndProject
Project("{FAE04EC0-301F-11D3-BF4B-00C04F79EFBC}") = "HR_Management.Domain", "HR_Management.Domain\HR_Management.Domain.csproj", "{171C4F23-50BE-4032-99AB-4050D0B6987D}"
EndProject
Project("{FAE04EC0-301F-11D3-BF4B-00C04F79EFBC}") = "HR_Management.Application", "HR_Management.Application\HR_Management.Application.csproj", "{66973D5A-EB65-4A89-88B7-4A872898F449}"
EndProject
Global
	GlobalSection(SolutionConfigurationPlatforms) = preSolution
		Debug|Any CPU = Debug|Any CPU
		Release|Any CPU = Release|Any CPU
	EndGlobalSection
	GlobalSection(NestedProjects) = preSolution
		{76FA6941-DBDA-49A0-AC0C-A8B103F85487} = {40E97FDD-BB1C-4DD8-928E-60747EC59B2C}
		{5B338DB1-7120-4F75-8769-7B999F190656} = {40E97FDD-BB1C-4DD8-928E-60747EC59B2C}
		{D8A31AB7-7B6E-4D84-8750-4D0462735CDB} = {40E97FDD-BB1C-4DD8-928E-60747EC59B2C}
		{872803D0-2BDD-401B-B414-F1104B55F2FA} = {40E97FDD-BB1C-4DD8-928E-60747EC59B2C}
		{171C4F23-50BE-4032-99AB-4050D0B6987D} = {5B338DB1-7120-4F75-8769-7B999F190656}
		{66973D5A-EB65-4A89-88B7-4A872898F449} = {5B338DB1-7120-4F75-8769-7B999F190656}
	EndGlobalSection
	GlobalSection(ProjectConfigurationPlatforms) = postSolution
		{171C4F23-50BE-4032-99AB-4050D0B6987D}.Debug|Any CPU.ActiveCfg = Debug|Any CPU
		{171C4F23-50BE-4032-99AB-4050D0B6987D}.Debug|Any CPU.Build.0 = Debug|Any CPU
		{171C4F23-50BE-4032-99AB-4050D0B6987D}.Release|Any CPU.ActiveCfg = Release|Any CPU
		{171C4F23-50BE-4032-99AB-4050D0B6987D}.Release|Any CPU.Build.0 = Release|Any CPU
		{66973D5A-EB65-4A89-88B7-4A872898F449}.Debug|Any CPU.ActiveCfg = Debug|Any CPU
		{66973D5A-EB65-4A89-88B7-4A872898F449}.Debug|Any CPU.Build.0 = Debug|Any CPU
		{66973D5A-EB65-4A89-88B7-4A872898F449}.Release|Any CPU.ActiveCfg = Release|Any CPU
		{66973D5A-EB65-4A89-88B7-4A872898F449}.Release|Any CPU.Build.0 = Release|Any CPU
	EndGlobalSection
EndGlobal
