
Microsoft Visual Studio Solution File, Format Version 12.00
Project("{2150E333-8FDC-42A3-9474-1A3956D46DE8}") = "src", "src", "{61161DB0-1922-47AF-BE4D-FA98FA7F9AEC}"
EndProject
Project("{2150E333-8FDC-42A3-9474-1A3956D46DE8}") = "test", "test", "{9C0A7D6F-CE8D-4C41-B2BA-0E61481FFEE6}"
EndProject
Project("{2150E333-8FDC-42A3-9474-1A3956D46DE8}") = "API", "API", "{268FF024-26C9-448A-AC45-D0FA670B6436}"
EndProject
Project("{2150E333-8FDC-42A3-9474-1A3956D46DE8}") = "Core", "Core", "{B741F5B3-5EEC-4CC7-B0E8-AC0E0D8015F2}"
EndProject
Project("{2150E333-8FDC-42A3-9474-1A3956D46DE8}") = "Infrastructure", "Infrastructure", "{425B9D92-AC72-47C0-A57E-9EA24A2BA390}"
EndProject
Project("{2150E333-8FDC-42A3-9474-1A3956D46DE8}") = "UI", "UI", "{0C0AA1C9-D7C6-4766-9633-1692B5403A5D}"
EndProject
Project("{FAE04EC0-301F-11D3-BF4B-00C04F79EFBC}") = "HR_Management.Application", "HR_Management.Application\HR_Management.Application.csproj", "{466EC55F-48B2-4E49-89BA-864D9F1F773D}"
EndProject
Project("{FAE04EC0-301F-11D3-BF4B-00C04F79EFBC}") = "HR_Management.Domain", "HR_Management.Domain\HR_Management.Domain.csproj", "{47020373-B237-4016-A87E-ED929DD02A0C}"
EndProject
Global
	GlobalSection(SolutionConfigurationPlatforms) = preSolution
		Debug|Any CPU = Debug|Any CPU
		Release|Any CPU = Release|Any CPU
	EndGlobalSection
	GlobalSection(NestedProjects) = preSolution
		{268FF024-26C9-448A-AC45-D0FA670B6436} = {61161DB0-1922-47AF-BE4D-FA98FA7F9AEC}
		{B741F5B3-5EEC-4CC7-B0E8-AC0E0D8015F2} = {61161DB0-1922-47AF-BE4D-FA98FA7F9AEC}
		{425B9D92-AC72-47C0-A57E-9EA24A2BA390} = {61161DB0-1922-47AF-BE4D-FA98FA7F9AEC}
		{0C0AA1C9-D7C6-4766-9633-1692B5403A5D} = {61161DB0-1922-47AF-BE4D-FA98FA7F9AEC}
		{466EC55F-48B2-4E49-89BA-864D9F1F773D} = {B741F5B3-5EEC-4CC7-B0E8-AC0E0D8015F2}
		{47020373-B237-4016-A87E-ED929DD02A0C} = {B741F5B3-5EEC-4CC7-B0E8-AC0E0D8015F2}
	EndGlobalSection
	GlobalSection(ProjectConfigurationPlatforms) = postSolution
		{466EC55F-48B2-4E49-89BA-864D9F1F773D}.Debug|Any CPU.ActiveCfg = Debug|Any CPU
		{466EC55F-48B2-4E49-89BA-864D9F1F773D}.Debug|Any CPU.Build.0 = Debug|Any CPU
		{466EC55F-48B2-4E49-89BA-864D9F1F773D}.Release|Any CPU.ActiveCfg = Release|Any CPU
		{466EC55F-48B2-4E49-89BA-864D9F1F773D}.Release|Any CPU.Build.0 = Release|Any CPU
		{47020373-B237-4016-A87E-ED929DD02A0C}.Debug|Any CPU.ActiveCfg = Debug|Any CPU
		{47020373-B237-4016-A87E-ED929DD02A0C}.Debug|Any CPU.Build.0 = Debug|Any CPU
		{47020373-B237-4016-A87E-ED929DD02A0C}.Release|Any CPU.ActiveCfg = Release|Any CPU
		{47020373-B237-4016-A87E-ED929DD02A0C}.Release|Any CPU.Build.0 = Release|Any CPU
	EndGlobalSection
EndGlobal
